
Microsoft Visual Studio Solution File, Format Version 12.00
# Visual Studio 2013
VisualStudioVersion = 12.0.21005.1
MinimumVisualStudioVersion = 10.0.40219.1
Project("{FAE04EC0-301F-11D3-BF4B-00C04F79EFBC}") = "WebService", "WebService\WebService.csproj", "{C36F7CB3-B9DE-4AC9-AC83-8D5BEF4E9EFF}"
EndProject
Project("{FAE04EC0-301F-11D3-BF4B-00C04F79EFBC}") = "AngularJS", "AngularJS\AngularJS.csproj", "{70927594-8C59-43A9-9B5B-F535379BB5C8}"
EndProject
Project("{FAE04EC0-301F-11D3-BF4B-00C04F79EFBC}") = "AdminSite", "AdminSite\AdminSite.csproj", "{26D233E4-33D6-4E4C-8D74-505572A94AFE}"
EndProject
Global
	GlobalSection(SolutionConfigurationPlatforms) = preSolution
		Debug|Any CPU = Debug|Any CPU
		Release|Any CPU = Release|Any CPU
	EndGlobalSection
	GlobalSection(ProjectConfigurationPlatforms) = postSolution
		{C36F7CB3-B9DE-4AC9-AC83-8D5BEF4E9EFF}.Debug|Any CPU.ActiveCfg = Debug|Any CPU
		{C36F7CB3-B9DE-4AC9-AC83-8D5BEF4E9EFF}.Debug|Any CPU.Build.0 = Debug|Any CPU
		{C36F7CB3-B9DE-4AC9-AC83-8D5BEF4E9EFF}.Release|Any CPU.ActiveCfg = Release|Any CPU
		{C36F7CB3-B9DE-4AC9-AC83-8D5BEF4E9EFF}.Release|Any CPU.Build.0 = Release|Any CPU
		{70927594-8C59-43A9-9B5B-F535379BB5C8}.Debug|Any CPU.ActiveCfg = Debug|Any CPU
		{70927594-8C59-43A9-9B5B-F535379BB5C8}.Debug|Any CPU.Build.0 = Debug|Any CPU
		{70927594-8C59-43A9-9B5B-F535379BB5C8}.Release|Any CPU.ActiveCfg = Release|Any CPU
		{70927594-8C59-43A9-9B5B-F535379BB5C8}.Release|Any CPU.Build.0 = Release|Any CPU
		{26D233E4-33D6-4E4C-8D74-505572A94AFE}.Debug|Any CPU.ActiveCfg = Debug|Any CPU
		{26D233E4-33D6-4E4C-8D74-505572A94AFE}.Debug|Any CPU.Build.0 = Debug|Any CPU
		{26D233E4-33D6-4E4C-8D74-505572A94AFE}.Release|Any CPU.ActiveCfg = Release|Any CPU
		{26D233E4-33D6-4E4C-8D74-505572A94AFE}.Release|Any CPU.Build.0 = Release|Any CPU
	EndGlobalSection
	GlobalSection(SolutionProperties) = preSolution
		HideSolutionNode = FALSE
	EndGlobalSection
EndGlobal
